
Microsoft Visual Studio Solution File, Format Version 12.00
# Visual Studio 2015
Project("{FAE04EC0-301F-11D3-BF4B-00C04F79EFBC}") = "Unity_Settings.CSharp.Plugins", "Unity_Settings.CSharp.Plugins.csproj", "{81397F27-ED41-A50D-B7AC-635378C52FE8}"
EndProject
Project("{FAE04EC0-301F-11D3-BF4B-00C04F79EFBC}") = "Unity_Settings.CSharp", "Unity_Settings.CSharp.csproj", "{C4FF9C4B-8C06-156D-1499-04880BCFA7FE}"
EndProject
Project("{FAE04EC0-301F-11D3-BF4B-00C04F79EFBC}") = "Unity_Settings.CSharp.Editor", "Unity_Settings.CSharp.Editor.csproj", "{1E0E1206-2202-0F2F-F365-CCFD90615615}"
EndProject
Global
	GlobalSection(SolutionConfigurationPlatforms) = preSolution
		Debug|Any CPU = Debug|Any CPU
		Release|Any CPU = Release|Any CPU
	EndGlobalSection
	GlobalSection(ProjectConfigurationPlatforms) = postSolution
		{81397F27-ED41-A50D-B7AC-635378C52FE8}.Debug|Any CPU.ActiveCfg = Debug|Any CPU
		{81397F27-ED41-A50D-B7AC-635378C52FE8}.Debug|Any CPU.Build.0 = Debug|Any CPU
		{81397F27-ED41-A50D-B7AC-635378C52FE8}.Release|Any CPU.ActiveCfg = Release|Any CPU
		{81397F27-ED41-A50D-B7AC-635378C52FE8}.Release|Any CPU.Build.0 = Release|Any CPU
		{C4FF9C4B-8C06-156D-1499-04880BCFA7FE}.Debug|Any CPU.ActiveCfg = Debug|Any CPU
		{C4FF9C4B-8C06-156D-1499-04880BCFA7FE}.Debug|Any CPU.Build.0 = Debug|Any CPU
		{C4FF9C4B-8C06-156D-1499-04880BCFA7FE}.Release|Any CPU.ActiveCfg = Release|Any CPU
		{C4FF9C4B-8C06-156D-1499-04880BCFA7FE}.Release|Any CPU.Build.0 = Release|Any CPU
		{1E0E1206-2202-0F2F-F365-CCFD90615615}.Debug|Any CPU.ActiveCfg = Debug|Any CPU
		{1E0E1206-2202-0F2F-F365-CCFD90615615}.Debug|Any CPU.Build.0 = Debug|Any CPU
		{1E0E1206-2202-0F2F-F365-CCFD90615615}.Release|Any CPU.ActiveCfg = Release|Any CPU
		{1E0E1206-2202-0F2F-F365-CCFD90615615}.Release|Any CPU.Build.0 = Release|Any CPU
	EndGlobalSection
	GlobalSection(SolutionProperties) = preSolution
		HideSolutionNode = FALSE
	EndGlobalSection
EndGlobal
