
Microsoft Visual Studio Solution File, Format Version 12.00
# Visual Studio 2017
Project("{FAE04EC0-301F-11D3-BF4B-00C04F79EFBC}") = "Unity_Settings", "Unity_Settings.csproj", "{06299026-0DCF-223A-BD84-618413222C08}"
EndProject
Project("{FAE04EC0-301F-11D3-BF4B-00C04F79EFBC}") = "Unity_Settings.Plugins", "Unity_Settings.Plugins.csproj", "{506A796F-3DB9-0809-D4E7-4F35C51BEFFC}"
EndProject
Project("{FAE04EC0-301F-11D3-BF4B-00C04F79EFBC}") = "Unity_Settings.Editor", "Unity_Settings.Editor.csproj", "{A9694926-CCD7-1D47-5E57-3F8763DD1CED}"
EndProject
Global
	GlobalSection(SolutionConfigurationPlatforms) = preSolution
		Debug|Any CPU = Debug|Any CPU
		Release|Any CPU = Release|Any CPU
	EndGlobalSection
	GlobalSection(ProjectConfigurationPlatforms) = postSolution
		{06299026-0DCF-223A-BD84-618413222C08}.Debug|Any CPU.ActiveCfg = Debug|Any CPU
		{06299026-0DCF-223A-BD84-618413222C08}.Debug|Any CPU.Build.0 = Debug|Any CPU
		{06299026-0DCF-223A-BD84-618413222C08}.Release|Any CPU.ActiveCfg = Release|Any CPU
		{06299026-0DCF-223A-BD84-618413222C08}.Release|Any CPU.Build.0 = Release|Any CPU
		{506A796F-3DB9-0809-D4E7-4F35C51BEFFC}.Debug|Any CPU.ActiveCfg = Debug|Any CPU
		{506A796F-3DB9-0809-D4E7-4F35C51BEFFC}.Debug|Any CPU.Build.0 = Debug|Any CPU
		{506A796F-3DB9-0809-D4E7-4F35C51BEFFC}.Release|Any CPU.ActiveCfg = Release|Any CPU
		{506A796F-3DB9-0809-D4E7-4F35C51BEFFC}.Release|Any CPU.Build.0 = Release|Any CPU
		{A9694926-CCD7-1D47-5E57-3F8763DD1CED}.Debug|Any CPU.ActiveCfg = Debug|Any CPU
		{A9694926-CCD7-1D47-5E57-3F8763DD1CED}.Debug|Any CPU.Build.0 = Debug|Any CPU
		{A9694926-CCD7-1D47-5E57-3F8763DD1CED}.Release|Any CPU.ActiveCfg = Release|Any CPU
		{A9694926-CCD7-1D47-5E57-3F8763DD1CED}.Release|Any CPU.Build.0 = Release|Any CPU
	EndGlobalSection
	GlobalSection(SolutionProperties) = preSolution
		HideSolutionNode = FALSE
	EndGlobalSection
EndGlobal
